
Microsoft Visual Studio Solution File, Format Version 12.00
# Visual Studio 15
VisualStudioVersion = 15.0.27130.0
MinimumVisualStudioVersion = 10.0.40219.1
Project("{2150E333-8FDC-42A3-9474-1A3956D46DE8}") = "src", "src", "{D6FA7BF4-540C-46B6-ADD8-DB42688A06E5}"
EndProject
Project("{FAE04EC0-301F-11D3-BF4B-00C04F79EFBC}") = "Sample.WcfProxy", "src\Sample.WcfProxy\Sample.WcfProxy.csproj", "{74A75DC8-A5D0-4A28-AAF4-02E6743AE5D1}"
EndProject
Project("{FAE04EC0-301F-11D3-BF4B-00C04F79EFBC}") = "Sample.FunctionApp", "src\Sample.FunctionApp\Sample.FunctionApp.csproj", "{EE1E84D4-9849-4490-8D55-35BFF8212C99}"
EndProject
Project("{2150E333-8FDC-42A3-9474-1A3956D46DE8}") = "Solution Items", "Solution Items", "{F8942B6B-21DA-43D4-B9CB-F1EA6D8FDCAC}"
	ProjectSection(SolutionItems) = preProject
		AzureFunctionsWcfSample.sln.DotSettings = AzureFunctionsWcfSample.sln.DotSettings
		Settings.StyleCop = Settings.StyleCop
	EndProjectSection
EndProject
Global
	GlobalSection(SolutionConfigurationPlatforms) = preSolution
		Debug|Any CPU = Debug|Any CPU
		Release|Any CPU = Release|Any CPU
	EndGlobalSection
	GlobalSection(ProjectConfigurationPlatforms) = postSolution
		{74A75DC8-A5D0-4A28-AAF4-02E6743AE5D1}.Debug|Any CPU.ActiveCfg = Debug|Any CPU
		{74A75DC8-A5D0-4A28-AAF4-02E6743AE5D1}.Debug|Any CPU.Build.0 = Debug|Any CPU
		{74A75DC8-A5D0-4A28-AAF4-02E6743AE5D1}.Release|Any CPU.ActiveCfg = Release|Any CPU
		{74A75DC8-A5D0-4A28-AAF4-02E6743AE5D1}.Release|Any CPU.Build.0 = Release|Any CPU
		{EE1E84D4-9849-4490-8D55-35BFF8212C99}.Debug|Any CPU.ActiveCfg = Debug|Any CPU
		{EE1E84D4-9849-4490-8D55-35BFF8212C99}.Debug|Any CPU.Build.0 = Debug|Any CPU
		{EE1E84D4-9849-4490-8D55-35BFF8212C99}.Release|Any CPU.ActiveCfg = Release|Any CPU
		{EE1E84D4-9849-4490-8D55-35BFF8212C99}.Release|Any CPU.Build.0 = Release|Any CPU
	EndGlobalSection
	GlobalSection(SolutionProperties) = preSolution
		HideSolutionNode = FALSE
	EndGlobalSection
	GlobalSection(NestedProjects) = preSolution
		{74A75DC8-A5D0-4A28-AAF4-02E6743AE5D1} = {D6FA7BF4-540C-46B6-ADD8-DB42688A06E5}
		{EE1E84D4-9849-4490-8D55-35BFF8212C99} = {D6FA7BF4-540C-46B6-ADD8-DB42688A06E5}
	EndGlobalSection
	GlobalSection(ExtensibilityGlobals) = postSolution
		SolutionGuid = {7B8DA843-7718-483C-8D21-54AE0E45BD9E}
	EndGlobalSection
EndGlobal
